
Microsoft Visual Studio Solution File, Format Version 12.00
# Visual Studio Version 16
VisualStudioVersion = 16.0.30717.126
MinimumVisualStudioVersion = 10.0.40219.1
Project("{FAE04EC0-301F-11D3-BF4B-00C04F79EFBC}") = "2020_12_03 (uzdavinys 12 is 109)", "2020_12_03 (uzdavinys 12 is 109)\2020_12_03 (uzdavinys 12 is 109).csproj", "{856850D4-34C1-4C52-A569-E0CE12624EBD}"
EndProject
Global
	GlobalSection(SolutionConfigurationPlatforms) = preSolution
		Debug|Any CPU = Debug|Any CPU
		Release|Any CPU = Release|Any CPU
	EndGlobalSection
	GlobalSection(ProjectConfigurationPlatforms) = postSolution
		{856850D4-34C1-4C52-A569-E0CE12624EBD}.Debug|Any CPU.ActiveCfg = Debug|Any CPU
		{856850D4-34C1-4C52-A569-E0CE12624EBD}.Debug|Any CPU.Build.0 = Debug|Any CPU
		{856850D4-34C1-4C52-A569-E0CE12624EBD}.Release|Any CPU.ActiveCfg = Release|Any CPU
		{856850D4-34C1-4C52-A569-E0CE12624EBD}.Release|Any CPU.Build.0 = Release|Any CPU
	EndGlobalSection
	GlobalSection(SolutionProperties) = preSolution
		HideSolutionNode = FALSE
	EndGlobalSection
	GlobalSection(ExtensibilityGlobals) = postSolution
		SolutionGuid = {72C279E9-DA7F-454E-8964-14E1A632718C}
	EndGlobalSection
EndGlobal
