
Microsoft Visual Studio Solution File, Format Version 12.00
# Visual Studio Version 16
VisualStudioVersion = 16.0.30717.126
MinimumVisualStudioVersion = 10.0.40219.1
Project("{FAE04EC0-301F-11D3-BF4B-00C04F79EFBC}") = "2020_12_03 (uzdavinys 13 is 109)", "2020_12_03 (uzdavinys 13 is 109)\2020_12_03 (uzdavinys 13 is 109).csproj", "{755D71A7-6900-45FB-ADD8-2591A6F50185}"
EndProject
Global
	GlobalSection(SolutionConfigurationPlatforms) = preSolution
		Debug|Any CPU = Debug|Any CPU
		Release|Any CPU = Release|Any CPU
	EndGlobalSection
	GlobalSection(ProjectConfigurationPlatforms) = postSolution
		{755D71A7-6900-45FB-ADD8-2591A6F50185}.Debug|Any CPU.ActiveCfg = Debug|Any CPU
		{755D71A7-6900-45FB-ADD8-2591A6F50185}.Debug|Any CPU.Build.0 = Debug|Any CPU
		{755D71A7-6900-45FB-ADD8-2591A6F50185}.Release|Any CPU.ActiveCfg = Release|Any CPU
		{755D71A7-6900-45FB-ADD8-2591A6F50185}.Release|Any CPU.Build.0 = Release|Any CPU
	EndGlobalSection
	GlobalSection(SolutionProperties) = preSolution
		HideSolutionNode = FALSE
	EndGlobalSection
	GlobalSection(ExtensibilityGlobals) = postSolution
		SolutionGuid = {A95FECC6-4FED-4411-BE6A-749C12F17182}
	EndGlobalSection
EndGlobal
