
Microsoft Visual Studio Solution File, Format Version 12.00
# Visual Studio Version 16
VisualStudioVersion = 16.0.30717.126
MinimumVisualStudioVersion = 10.0.40219.1
Project("{FAE04EC0-301F-11D3-BF4B-00C04F79EFBC}") = "2020_12_02 (uzdavinys 10 is 109)", "2020_12_02 (uzdavinys 10 is 109)\2020_12_02 (uzdavinys 10 is 109).csproj", "{8C10159F-1453-49AC-AA6C-C681B2D51D6F}"
EndProject
Global
	GlobalSection(SolutionConfigurationPlatforms) = preSolution
		Debug|Any CPU = Debug|Any CPU
		Release|Any CPU = Release|Any CPU
	EndGlobalSection
	GlobalSection(ProjectConfigurationPlatforms) = postSolution
		{8C10159F-1453-49AC-AA6C-C681B2D51D6F}.Debug|Any CPU.ActiveCfg = Debug|Any CPU
		{8C10159F-1453-49AC-AA6C-C681B2D51D6F}.Debug|Any CPU.Build.0 = Debug|Any CPU
		{8C10159F-1453-49AC-AA6C-C681B2D51D6F}.Release|Any CPU.ActiveCfg = Release|Any CPU
		{8C10159F-1453-49AC-AA6C-C681B2D51D6F}.Release|Any CPU.Build.0 = Release|Any CPU
	EndGlobalSection
	GlobalSection(SolutionProperties) = preSolution
		HideSolutionNode = FALSE
	EndGlobalSection
	GlobalSection(ExtensibilityGlobals) = postSolution
		SolutionGuid = {03AEF03E-A53D-471F-8468-258130AB26CC}
	EndGlobalSection
EndGlobal
